// !$*UTF8*$!
{
	archiveVersion = 1;
	classes = {
	};
	objectVersion = 51;
	objects = {

/* Begin PBXBuildFile section */
		5C729D7AC646D6B9089C9EDF /* libPods-app.a in Frameworks */ = {isa = PBXBuildFile; fileRef = C77312CC6148F705E0DBA4AE /* libPods-app.a */; };
		EE05CBD225AC87DE00B6C19B /* GoogleService-Info.plist in Resources */ = {isa = PBXBuildFile; fileRef = EE05CBD125AC87DE00B6C19B /* GoogleService-Info.plist */; };
		EEB16ECF25AB68B4005A35AD /* appApp.swift in Sources */ = {isa = PBXBuildFile; fileRef = EEB16ECE25AB68B4005A35AD /* appApp.swift */; };
		EEB16ED125AB68B4005A35AD /* ContentView.swift in Sources */ = {isa = PBXBuildFile; fileRef = EEB16ED025AB68B4005A35AD /* ContentView.swift */; };
		EEB16ED325AB68B5005A35AD /* Assets.xcassets in Resources */ = {isa = PBXBuildFile; fileRef = EEB16ED225AB68B5005A35AD /* Assets.xcassets */; };
		EEB16ED625AB68B5005A35AD /* Preview Assets.xcassets in Resources */ = {isa = PBXBuildFile; fileRef = EEB16ED525AB68B5005A35AD /* Preview Assets.xcassets */; };
		EEB16EDF25AB6970005A35AD /* logo.swift in Sources */ = {isa = PBXBuildFile; fileRef = EEB16EDE25AB696F005A35AD /* logo.swift */; };
		EEB16EE525AB8334005A35AD /* CandidateLogin.swift in Sources */ = {isa = PBXBuildFile; fileRef = EEB16EE425AB8334005A35AD /* CandidateLogin.swift */; };
		EEB16EE925AB8349005A35AD /* WorkerLogin.swift in Sources */ = {isa = PBXBuildFile; fileRef = EEB16EE825AB8349005A35AD /* WorkerLogin.swift */; };
		EEB16EEE25AB8DF2005A35AD /* Auth.swift in Sources */ = {isa = PBXBuildFile; fileRef = EEB16EED25AB8DF2005A35AD /* Auth.swift */; };
		EEB26D1725ACD4230001605D /* ConnectFirebase.swift in Sources */ = {isa = PBXBuildFile; fileRef = EEB26D1625ACD4230001605D /* ConnectFirebase.swift */; };
		EEC06AFB25AB973600CA463A /* WorkerMainMenu.swift in Sources */ = {isa = PBXBuildFile; fileRef = EEC06AFA25AB973600CA463A /* WorkerMainMenu.swift */; };
		EEC06AFF25ABA08600CA463A /* CandidateMainMenu.swift in Sources */ = {isa = PBXBuildFile; fileRef = EEC06AFE25ABA08600CA463A /* CandidateMainMenu.swift */; };
		EEC06B0225ABA0E400CA463A /* Roles.swift in Sources */ = {isa = PBXBuildFile; fileRef = EEC06B0125ABA0E400CA463A /* Roles.swift */; };
/* End PBXBuildFile section */

/* Begin PBXFileReference section */
		C4C7CCC85ADA0AAFC8DF045F /* Pods-app.release.xcconfig */ = {isa = PBXFileReference; includeInIndex = 1; lastKnownFileType = text.xcconfig; name = "Pods-app.release.xcconfig"; path = "Target Support Files/Pods-app/Pods-app.release.xcconfig"; sourceTree = "<group>"; };
		C77312CC6148F705E0DBA4AE /* libPods-app.a */ = {isa = PBXFileReference; explicitFileType = archive.ar; includeInIndex = 0; path = "libPods-app.a"; sourceTree = BUILT_PRODUCTS_DIR; };
		EE05CBD125AC87DE00B6C19B /* GoogleService-Info.plist */ = {isa = PBXFileReference; fileEncoding = 4; lastKnownFileType = text.plist.xml; name = "GoogleService-Info.plist"; path = "../../../../../Downloads/GoogleService-Info.plist"; sourceTree = "<group>"; };
		EEB16ECB25AB68B4005A35AD /* app.app */ = {isa = PBXFileReference; explicitFileType = wrapper.application; includeInIndex = 0; path = app.app; sourceTree = BUILT_PRODUCTS_DIR; };
		EEB16ECE25AB68B4005A35AD /* appApp.swift */ = {isa = PBXFileReference; lastKnownFileType = sourcecode.swift; path = appApp.swift; sourceTree = "<group>"; };
		EEB16ED025AB68B4005A35AD /* ContentView.swift */ = {isa = PBXFileReference; lastKnownFileType = sourcecode.swift; path = ContentView.swift; sourceTree = "<group>"; };
		EEB16ED225AB68B5005A35AD /* Assets.xcassets */ = {isa = PBXFileReference; lastKnownFileType = folder.assetcatalog; path = Assets.xcassets; sourceTree = "<group>"; };
		EEB16ED525AB68B5005A35AD /* Preview Assets.xcassets */ = {isa = PBXFileReference; lastKnownFileType = folder.assetcatalog; path = "Preview Assets.xcassets"; sourceTree = "<group>"; };
		EEB16ED725AB68B5005A35AD /* Info.plist */ = {isa = PBXFileReference; lastKnownFileType = text.plist.xml; path = Info.plist; sourceTree = "<group>"; };
		EEB16EDE25AB696F005A35AD /* logo.swift */ = {isa = PBXFileReference; lastKnownFileType = sourcecode.swift; path = logo.swift; sourceTree = "<group>"; };
		EEB16EE425AB8334005A35AD /* CandidateLogin.swift */ = {isa = PBXFileReference; lastKnownFileType = sourcecode.swift; path = CandidateLogin.swift; sourceTree = "<group>"; };
		EEB16EE825AB8349005A35AD /* WorkerLogin.swift */ = {isa = PBXFileReference; lastKnownFileType = sourcecode.swift; path = WorkerLogin.swift; sourceTree = "<group>"; };
		EEB16EED25AB8DF2005A35AD /* Auth.swift */ = {isa = PBXFileReference; lastKnownFileType = sourcecode.swift; path = Auth.swift; sourceTree = "<group>"; };
		EEB26D1625ACD4230001605D /* ConnectFirebase.swift */ = {isa = PBXFileReference; lastKnownFileType = sourcecode.swift; path = ConnectFirebase.swift; sourceTree = "<group>"; };
		EEC06AFA25AB973600CA463A /* WorkerMainMenu.swift */ = {isa = PBXFileReference; lastKnownFileType = sourcecode.swift; path = WorkerMainMenu.swift; sourceTree = "<group>"; };
		EEC06AFE25ABA08600CA463A /* CandidateMainMenu.swift */ = {isa = PBXFileReference; lastKnownFileType = sourcecode.swift; path = CandidateMainMenu.swift; sourceTree = "<group>"; };
		EEC06B0125ABA0E400CA463A /* Roles.swift */ = {isa = PBXFileReference; lastKnownFileType = sourcecode.swift; path = Roles.swift; sourceTree = "<group>"; };
		FE3ECFDF46B1047CE518F9F7 /* Pods-app.debug.xcconfig */ = {isa = PBXFileReference; includeInIndex = 1; lastKnownFileType = text.xcconfig; name = "Pods-app.debug.xcconfig"; path = "Target Support Files/Pods-app/Pods-app.debug.xcconfig"; sourceTree = "<group>"; };
/* End PBXFileReference section */

/* Begin PBXFrameworksBuildPhase section */
		EEB16EC825AB68B4005A35AD /* Frameworks */ = {
			isa = PBXFrameworksBuildPhase;
			buildActionMask = 2147483647;
			files = (
				5C729D7AC646D6B9089C9EDF /* libPods-app.a in Frameworks */,
			);
			runOnlyForDeploymentPostprocessing = 0;
		};
/* End PBXFrameworksBuildPhase section */

/* Begin PBXGroup section */
		682B5705D3E69FD0A7433A95 /* Pods */ = {
			isa = PBXGroup;
			children = (
				FE3ECFDF46B1047CE518F9F7 /* Pods-app.debug.xcconfig */,
				C4C7CCC85ADA0AAFC8DF045F /* Pods-app.release.xcconfig */,
			);
			path = Pods;
			sourceTree = "<group>";
		};
		B78805219D5D331212317E09 /* Frameworks */ = {
			isa = PBXGroup;
			children = (
				C77312CC6148F705E0DBA4AE /* libPods-app.a */,
			);
			name = Frameworks;
			sourceTree = "<group>";
		};
		EE05CBCB25AC7B0500B6C19B /* MainViews */ = {
			isa = PBXGroup;
			children = (
			);
			path = MainViews;
			sourceTree = "<group>";
		};
		EEB16EC225AB68B4005A35AD = {
			isa = PBXGroup;
			children = (
				EEB16ECD25AB68B4005A35AD /* app */,
				EEB16ECC25AB68B4005A35AD /* Products */,
				682B5705D3E69FD0A7433A95 /* Pods */,
				B78805219D5D331212317E09 /* Frameworks */,
			);
			sourceTree = "<group>";
		};
		EEB16ECC25AB68B4005A35AD /* Products */ = {
			isa = PBXGroup;
			children = (
				EEB16ECB25AB68B4005A35AD /* app.app */,
			);
			name = Products;
			sourceTree = "<group>";
		};
		EEB16ECD25AB68B4005A35AD /* app */ = {
			isa = PBXGroup;
			children = (
				EEC06B0425ABA12800CA463A /* Model */,
				EEB16EEC25AB8DD0005A35AD /* Controllers */,
				EEB16EEB25AB8DA9005A35AD /* Views */,
				EEB16ECE25AB68B4005A35AD /* appApp.swift */,
				EE05CBD125AC87DE00B6C19B /* GoogleService-Info.plist */,
				EEB16EDE25AB696F005A35AD /* logo.swift */,
				EEB16ED025AB68B4005A35AD /* ContentView.swift */,
				EEB16ED225AB68B5005A35AD /* Assets.xcassets */,
				EEB16ED725AB68B5005A35AD /* Info.plist */,
				EEB16ED425AB68B5005A35AD /* Preview Content */,
			);
			path = app;
			sourceTree = "<group>";
		};
		EEB16ED425AB68B5005A35AD /* Preview Content */ = {
			isa = PBXGroup;
			children = (
				EEB16ED525AB68B5005A35AD /* Preview Assets.xcassets */,
			);
			path = "Preview Content";
			sourceTree = "<group>";
		};
		EEB16EE225AB82CD005A35AD /* CandidateViews */ = {
			isa = PBXGroup;
			children = (
				EEB16EE425AB8334005A35AD /* CandidateLogin.swift */,
				EEC06AFE25ABA08600CA463A /* CandidateMainMenu.swift */,
			);
			path = CandidateViews;
			sourceTree = "<group>";
		};
		EEB16EE325AB82DD005A35AD /* WorkerViews */ = {
			isa = PBXGroup;
			children = (
				EEB16EE825AB8349005A35AD /* WorkerLogin.swift */,
				EEC06AFA25AB973600CA463A /* WorkerMainMenu.swift */,
			);
			path = WorkerViews;
			sourceTree = "<group>";
		};
		EEB16EEB25AB8DA9005A35AD /* Views */ = {
			isa = PBXGroup;
			children = (
				EE05CBCB25AC7B0500B6C19B /* MainViews */,
				EEB16EE325AB82DD005A35AD /* WorkerViews */,
				EEB16EE225AB82CD005A35AD /* CandidateViews */,
			);
			path = Views;
			sourceTree = "<group>";
		};
		EEB16EEC25AB8DD0005A35AD /* Controllers */ = {
			isa = PBXGroup;
			children = (
				EEB16EED25AB8DF2005A35AD /* Auth.swift */,
				EEC06B0125ABA0E400CA463A /* Roles.swift */,
			);
			path = Controllers;
			sourceTree = "<group>";
		};
		EEC06B0425ABA12800CA463A /* Model */ = {
			isa = PBXGroup;
			children = (
				EEB26D1625ACD4230001605D /* ConnectFirebase.swift */,
			);
			path = Model;
			sourceTree = "<group>";
		};
/* End PBXGroup section */

/* Begin PBXNativeTarget section */
		EEB16ECA25AB68B4005A35AD /* app */ = {
			isa = PBXNativeTarget;
			buildConfigurationList = EEB16EDA25AB68B5005A35AD /* Build configuration list for PBXNativeTarget "app" */;
			buildPhases = (
				CA2D542DC27975683A83D814 /* [CP] Check Pods Manifest.lock */,
				EEB16EC725AB68B4005A35AD /* Sources */,
				EEB16EC825AB68B4005A35AD /* Frameworks */,
				EEB16EC925AB68B4005A35AD /* Resources */,
				389CADBA24616968A42F486E /* [CP] Copy Pods Resources */,
			);
			buildRules = (
			);
			dependencies = (
			);
			name = app;
			productName = app;
			productReference = EEB16ECB25AB68B4005A35AD /* app.app */;
			productType = "com.apple.product-type.application";
		};
/* End PBXNativeTarget section */

/* Begin PBXProject section */
		EEB16EC325AB68B4005A35AD /* Project object */ = {
			isa = PBXProject;
			attributes = {
				KnownAssetTags = (
					New,
				);
				LastSwiftUpdateCheck = 1230;
				LastUpgradeCheck = 1230;
				TargetAttributes = {
					EEB16ECA25AB68B4005A35AD = {
						CreatedOnToolsVersion = 12.3;
					};
				};
			};
			buildConfigurationList = EEB16EC625AB68B4005A35AD /* Build configuration list for PBXProject "app" */;
			compatibilityVersion = "Xcode 9.3";
			developmentRegion = en;
			hasScannedForEncodings = 0;
			knownRegions = (
				en,
				Base,
			);
			mainGroup = EEB16EC225AB68B4005A35AD;
			productRefGroup = EEB16ECC25AB68B4005A35AD /* Products */;
			projectDirPath = "";
			projectRoot = "";
			targets = (
				EEB16ECA25AB68B4005A35AD /* app */,
			);
		};
/* End PBXProject section */

/* Begin PBXResourcesBuildPhase section */
		EEB16EC925AB68B4005A35AD /* Resources */ = {
			isa = PBXResourcesBuildPhase;
			buildActionMask = 2147483647;
			files = (
				EE05CBD225AC87DE00B6C19B /* GoogleService-Info.plist in Resources */,
				EEB16ED625AB68B5005A35AD /* Preview Assets.xcassets in Resources */,
				EEB16ED325AB68B5005A35AD /* Assets.xcassets in Resources */,
			);
			runOnlyForDeploymentPostprocessing = 0;
		};
/* End PBXResourcesBuildPhase section */

/* Begin PBXShellScriptBuildPhase section */
		389CADBA24616968A42F486E /* [CP] Copy Pods Resources */ = {
			isa = PBXShellScriptBuildPhase;
			buildActionMask = 2147483647;
			files = (
			);
			inputFileListPaths = (
				"${PODS_ROOT}/Target Support Files/Pods-app/Pods-app-resources-${CONFIGURATION}-input-files.xcfilelist",
			);
			name = "[CP] Copy Pods Resources";
			outputFileListPaths = (
				"${PODS_ROOT}/Target Support Files/Pods-app/Pods-app-resources-${CONFIGURATION}-output-files.xcfilelist",
			);
			runOnlyForDeploymentPostprocessing = 0;
			shellPath = /bin/sh;
			shellScript = "\"${PODS_ROOT}/Target Support Files/Pods-app/Pods-app-resources.sh\"\n";
			showEnvVarsInLog = 0;
		};
		CA2D542DC27975683A83D814 /* [CP] Check Pods Manifest.lock */ = {
			isa = PBXShellScriptBuildPhase;
			buildActionMask = 2147483647;
			files = (
			);
			inputFileListPaths = (
			);
			inputPaths = (
				"${PODS_PODFILE_DIR_PATH}/Podfile.lock",
				"${PODS_ROOT}/Manifest.lock",
			);
			name = "[CP] Check Pods Manifest.lock";
			outputFileListPaths = (
			);
			outputPaths = (
				"$(DERIVED_FILE_DIR)/Pods-app-checkManifestLockResult.txt",
			);
			runOnlyForDeploymentPostprocessing = 0;
			shellPath = /bin/sh;
			shellScript = "diff \"${PODS_PODFILE_DIR_PATH}/Podfile.lock\" \"${PODS_ROOT}/Manifest.lock\" > /dev/null\nif [ $? != 0 ] ; then\n    # print error to STDERR\n    echo \"error: The sandbox is not in sync with the Podfile.lock. Run 'pod install' or update your CocoaPods installation.\" >&2\n    exit 1\nfi\n# This output is used by Xcode 'outputs' to avoid re-running this script phase.\necho \"SUCCESS\" > \"${SCRIPT_OUTPUT_FILE_0}\"\n";
			showEnvVarsInLog = 0;
		};
/* End PBXShellScriptBuildPhase section */

/* Begin PBXSourcesBuildPhase section */
		EEB16EC725AB68B4005A35AD /* Sources */ = {
			isa = PBXSourcesBuildPhase;
			buildActionMask = 2147483647;
			files = (
				EEB16EDF25AB6970005A35AD /* logo.swift in Sources */,
				EEC06AFF25ABA08600CA463A /* CandidateMainMenu.swift in Sources */,
				EEB16EE525AB8334005A35AD /* CandidateLogin.swift in Sources */,
				EEB16ED125AB68B4005A35AD /* ContentView.swift in Sources */,
				EEC06AFB25AB973600CA463A /* WorkerMainMenu.swift in Sources */,
				EEC06B0225ABA0E400CA463A /* Roles.swift in Sources */,
				EEB16ECF25AB68B4005A35AD /* appApp.swift in Sources */,
				EEB16EE925AB8349005A35AD /* WorkerLogin.swift in Sources */,
				EEB16EEE25AB8DF2005A35AD /* Auth.swift in Sources */,
				EEB26D1725ACD4230001605D /* ConnectFirebase.swift in Sources */,
			);
			runOnlyForDeploymentPostprocessing = 0;
		};
/* End PBXSourcesBuildPhase section */

/* Begin XCBuildConfiguration section */
		EEB16ED825AB68B5005A35AD /* Debug */ = {
			isa = XCBuildConfiguration;
			buildSettings = {
				ALWAYS_SEARCH_USER_PATHS = NO;
				CLANG_ANALYZER_NONNULL = YES;
				CLANG_ANALYZER_NUMBER_OBJECT_CONVERSION = YES_AGGRESSIVE;
				CLANG_CXX_LANGUAGE_STANDARD = "gnu++14";
				CLANG_CXX_LIBRARY = "libc++";
				CLANG_ENABLE_MODULES = YES;
				CLANG_ENABLE_OBJC_ARC = YES;
				CLANG_ENABLE_OBJC_WEAK = YES;
				CLANG_WARN_BLOCK_CAPTURE_AUTORELEASING = YES;
				CLANG_WARN_BOOL_CONVERSION = YES;
				CLANG_WARN_COMMA = YES;
				CLANG_WARN_CONSTANT_CONVERSION = YES;
				CLANG_WARN_DEPRECATED_OBJC_IMPLEMENTATIONS = YES;
				CLANG_WARN_DIRECT_OBJC_ISA_USAGE = YES_ERROR;
				CLANG_WARN_DOCUMENTATION_COMMENTS = YES;
				CLANG_WARN_EMPTY_BODY = YES;
				CLANG_WARN_ENUM_CONVERSION = YES;
				CLANG_WARN_INFINITE_RECURSION = YES;
				CLANG_WARN_INT_CONVERSION = YES;
				CLANG_WARN_NON_LITERAL_NULL_CONVERSION = YES;
				CLANG_WARN_OBJC_IMPLICIT_RETAIN_SELF = YES;
				CLANG_WARN_OBJC_LITERAL_CONVERSION = YES;
				CLANG_WARN_OBJC_ROOT_CLASS = YES_ERROR;
				CLANG_WARN_QUOTED_INCLUDE_IN_FRAMEWORK_HEADER = YES;
				CLANG_WARN_RANGE_LOOP_ANALYSIS = YES;
				CLANG_WARN_STRICT_PROTOTYPES = YES;
				CLANG_WARN_SUSPICIOUS_MOVE = YES;
				CLANG_WARN_UNGUARDED_AVAILABILITY = YES_AGGRESSIVE;
				CLANG_WARN_UNREACHABLE_CODE = YES;
				CLANG_WARN__DUPLICATE_METHOD_MATCH = YES;
				COPY_PHASE_STRIP = NO;
				DEBUG_INFORMATION_FORMAT = dwarf;
				ENABLE_STRICT_OBJC_MSGSEND = YES;
				ENABLE_TESTABILITY = YES;
				EXCLUDED_ARCHS = "";
				"EXCLUDED_ARCHS[sdk=iphonesimulator*]" = arm64;
				GCC_C_LANGUAGE_STANDARD = gnu11;
				GCC_DYNAMIC_NO_PIC = NO;
				GCC_NO_COMMON_BLOCKS = NO;
				GCC_OPTIMIZATION_LEVEL = 0;
				GCC_PREPROCESSOR_DEFINITIONS = (
					"DEBUG=1",
					"$(inherited)",
				);
				GCC_WARN_64_TO_32_BIT_CONVERSION = YES;
				GCC_WARN_ABOUT_RETURN_TYPE = YES_ERROR;
				GCC_WARN_UNDECLARED_SELECTOR = YES;
				GCC_WARN_UNINITIALIZED_AUTOS = YES_AGGRESSIVE;
				GCC_WARN_UNUSED_FUNCTION = YES;
				GCC_WARN_UNUSED_VARIABLE = YES;
				IPHONEOS_DEPLOYMENT_TARGET = 14.3;
				MTL_ENABLE_DEBUG_INFO = INCLUDE_SOURCE;
				MTL_FAST_MATH = YES;
				ONLY_ACTIVE_ARCH = YES;
				SDKROOT = iphoneos;
				SWIFT_ACTIVE_COMPILATION_CONDITIONS = DEBUG;
				SWIFT_OPTIMIZATION_LEVEL = "-Onone";
			};
			name = Debug;
		};
		EEB16ED925AB68B5005A35AD /* Release */ = {
			isa = XCBuildConfiguration;
			buildSettings = {
				ALWAYS_SEARCH_USER_PATHS = NO;
				CLANG_ANALYZER_NONNULL = YES;
				CLANG_ANALYZER_NUMBER_OBJECT_CONVERSION = YES_AGGRESSIVE;
				CLANG_CXX_LANGUAGE_STANDARD = "gnu++14";
				CLANG_CXX_LIBRARY = "libc++";
				CLANG_ENABLE_MODULES = YES;
				CLANG_ENABLE_OBJC_ARC = YES;
				CLANG_ENABLE_OBJC_WEAK = YES;
				CLANG_WARN_BLOCK_CAPTURE_AUTORELEASING = YES;
				CLANG_WARN_BOOL_CONVERSION = YES;
				CLANG_WARN_COMMA = YES;
				CLANG_WARN_CONSTANT_CONVERSION = YES;
				CLANG_WARN_DEPRECATED_OBJC_IMPLEMENTATIONS = YES;
				CLANG_WARN_DIRECT_OBJC_ISA_USAGE = YES_ERROR;
				CLANG_WARN_DOCUMENTATION_COMMENTS = YES;
				CLANG_WARN_EMPTY_BODY = YES;
				CLANG_WARN_ENUM_CONVERSION = YES;
				CLANG_WARN_INFINITE_RECURSION = YES;
				CLANG_WARN_INT_CONVERSION = YES;
				CLANG_WARN_NON_LITERAL_NULL_CONVERSION = YES;
				CLANG_WARN_OBJC_IMPLICIT_RETAIN_SELF = YES;
				CLANG_WARN_OBJC_LITERAL_CONVERSION = YES;
				CLANG_WARN_OBJC_ROOT_CLASS = YES_ERROR;
				CLANG_WARN_QUOTED_INCLUDE_IN_FRAMEWORK_HEADER = YES;
				CLANG_WARN_RANGE_LOOP_ANALYSIS = YES;
				CLANG_WARN_STRICT_PROTOTYPES = YES;
				CLANG_WARN_SUSPICIOUS_MOVE = YES;
				CLANG_WARN_UNGUARDED_AVAILABILITY = YES_AGGRESSIVE;
				CLANG_WARN_UNREACHABLE_CODE = YES;
				CLANG_WARN__DUPLICATE_METHOD_MATCH = YES;
				COPY_PHASE_STRIP = NO;
				DEBUG_INFORMATION_FORMAT = "dwarf-with-dsym";
				ENABLE_NS_ASSERTIONS = NO;
				ENABLE_STRICT_OBJC_MSGSEND = YES;
				EXCLUDED_ARCHS = "";
				GCC_C_LANGUAGE_STANDARD = gnu11;
				GCC_NO_COMMON_BLOCKS = NO;
				GCC_WARN_64_TO_32_BIT_CONVERSION = YES;
				GCC_WARN_ABOUT_RETURN_TYPE = YES_ERROR;
				GCC_WARN_UNDECLARED_SELECTOR = YES;
				GCC_WARN_UNINITIALIZED_AUTOS = YES_AGGRESSIVE;
				GCC_WARN_UNUSED_FUNCTION = YES;
				GCC_WARN_UNUSED_VARIABLE = YES;
				IPHONEOS_DEPLOYMENT_TARGET = 14.3;
				MTL_ENABLE_DEBUG_INFO = NO;
				MTL_FAST_MATH = YES;
				SDKROOT = iphoneos;
				SWIFT_COMPILATION_MODE = wholemodule;
				SWIFT_OPTIMIZATION_LEVEL = "-O";
				VALIDATE_PRODUCT = YES;
			};
			name = Release;
		};
		EEB16EDB25AB68B5005A35AD /* Debug */ = {
			isa = XCBuildConfiguration;
			baseConfigurationReference = FE3ECFDF46B1047CE518F9F7 /* Pods-app.debug.xcconfig */;
			buildSettings = {
				ASSETCATALOG_COMPILER_APPICON_NAME = AppIcon;
				ASSETCATALOG_COMPILER_GLOBAL_ACCENT_COLOR_NAME = AccentColor;
				CODE_SIGN_STYLE = Automatic;
				DEVELOPMENT_ASSET_PATHS = "\"app/Preview Content\"";
				DEVELOPMENT_TEAM = HU6VQPF67L;
				ENABLE_PREVIEWS = YES;
				GCC_NO_COMMON_BLOCKS = NO;
				INFOPLIST_FILE = app/Info.plist;
				IPHONEOS_DEPLOYMENT_TARGET = 14.3;
				LD_RUNPATH_SEARCH_PATHS = (
					"$(inherited)",
					"@executable_path/Frameworks",
				);
				PRODUCT_BUNDLE_IDENTIFIER = com.jsa.app;
				PRODUCT_NAME = "$(TARGET_NAME)";
				SWIFT_VERSION = 5.0;
				TARGETED_DEVICE_FAMILY = "1,2";
			};
			name = Debug;
		};
		EEB16EDC25AB68B5005A35AD /* Release */ = {
			isa = XCBuildConfiguration;
			baseConfigurationReference = C4C7CCC85ADA0AAFC8DF045F /* Pods-app.release.xcconfig */;
			buildSettings = {
				ASSETCATALOG_COMPILER_APPICON_NAME = AppIcon;
				ASSETCATALOG_COMPILER_GLOBAL_ACCENT_COLOR_NAME = AccentColor;
				CODE_SIGN_STYLE = Automatic;
				DEVELOPMENT_ASSET_PATHS = "\"app/Preview Content\"";
				DEVELOPMENT_TEAM = HU6VQPF67L;
				ENABLE_PREVIEWS = YES;
				"EXCLUDED_ARCHS[sdk=iphonesimulator*]" = arm64;
				GCC_NO_COMMON_BLOCKS = NO;
				INFOPLIST_FILE = app/Info.plist;
				IPHONEOS_DEPLOYMENT_TARGET = 14.3;
				LD_RUNPATH_SEARCH_PATHS = (
					"$(inherited)",
					"@executable_path/Frameworks",
				);
				PRODUCT_BUNDLE_IDENTIFIER = com.jsa.app;
				PRODUCT_NAME = "$(TARGET_NAME)";
				SWIFT_VERSION = 5.0;
				TARGETED_DEVICE_FAMILY = "1,2";
			};
			name = Release;
		};
/* End XCBuildConfiguration section */

/* Begin XCConfigurationList section */
		EEB16EC625AB68B4005A35AD /* Build configuration list for PBXProject "app" */ = {
			isa = XCConfigurationList;
			buildConfigurations = (
				EEB16ED825AB68B5005A35AD /* Debug */,
				EEB16ED925AB68B5005A35AD /* Release */,
			);
			defaultConfigurationIsVisible = 0;
			defaultConfigurationName = Release;
		};
		EEB16EDA25AB68B5005A35AD /* Build configuration list for PBXNativeTarget "app" */ = {
			isa = XCConfigurationList;
			buildConfigurations = (
				EEB16EDB25AB68B5005A35AD /* Debug */,
				EEB16EDC25AB68B5005A35AD /* Release */,
			);
			defaultConfigurationIsVisible = 0;
			defaultConfigurationName = Release;
		};
/* End XCConfigurationList section */
	};
	rootObject = EEB16EC325AB68B4005A35AD /* Project object */;
}
